
Microsoft Visual Studio Solution File, Format Version 12.00
# Visual Studio Version 16
VisualStudioVersion = 16.0.30907.101
MinimumVisualStudioVersion = 10.0.40219.1
Project("{FAE04EC0-301F-11D3-BF4B-00C04F79EFBC}") = "Test3", "Test3.csproj", "{F683D39E-6598-49E6-AF2C-D8DBF8889AE6}"
EndProject
Global
	GlobalSection(SolutionConfigurationPlatforms) = preSolution
		Debug|Any CPU = Debug|Any CPU
		Release|Any CPU = Release|Any CPU
	EndGlobalSection
	GlobalSection(ProjectConfigurationPlatforms) = postSolution
		{F683D39E-6598-49E6-AF2C-D8DBF8889AE6}.Debug|Any CPU.ActiveCfg = Debug|Any CPU
		{F683D39E-6598-49E6-AF2C-D8DBF8889AE6}.Debug|Any CPU.Build.0 = Debug|Any CPU
		{F683D39E-6598-49E6-AF2C-D8DBF8889AE6}.Release|Any CPU.ActiveCfg = Release|Any CPU
		{F683D39E-6598-49E6-AF2C-D8DBF8889AE6}.Release|Any CPU.Build.0 = Release|Any CPU
	EndGlobalSection
	GlobalSection(SolutionProperties) = preSolution
		HideSolutionNode = FALSE
	EndGlobalSection
	GlobalSection(ExtensibilityGlobals) = postSolution
		SolutionGuid = {BCBD42B0-9345-42B7-A9A3-4AA8FC3A8EB1}
	EndGlobalSection
EndGlobal
